
Microsoft Visual Studio Solution File, Format Version 12.00
# Visual Studio 15
VisualStudioVersion = 15.0.26730.15
MinimumVisualStudioVersion = 10.0.40219.1
Project("{8BC9CEB8-8B4A-11D0-8D11-00A0C91BC942}") = "graphics-scratch", "graphics-scratch\graphics-scratch.vcxproj", "{823670BD-B9ED-4F68-86B8-A7D86425D7EF}"
EndProject
Global
	GlobalSection(SolutionConfigurationPlatforms) = preSolution
		Debug|x64 = Debug|x64
		Debug|x86 = Debug|x86
		Release|x64 = Release|x64
		Release|x86 = Release|x86
	EndGlobalSection
	GlobalSection(ProjectConfigurationPlatforms) = postSolution
		{823670BD-B9ED-4F68-86B8-A7D86425D7EF}.Debug|x64.ActiveCfg = Debug|x64
		{823670BD-B9ED-4F68-86B8-A7D86425D7EF}.Debug|x64.Build.0 = Debug|x64
		{823670BD-B9ED-4F68-86B8-A7D86425D7EF}.Debug|x86.ActiveCfg = Debug|Win32
		{823670BD-B9ED-4F68-86B8-A7D86425D7EF}.Debug|x86.Build.0 = Debug|Win32
		{823670BD-B9ED-4F68-86B8-A7D86425D7EF}.Release|x64.ActiveCfg = Release|x64
		{823670BD-B9ED-4F68-86B8-A7D86425D7EF}.Release|x64.Build.0 = Release|x64
		{823670BD-B9ED-4F68-86B8-A7D86425D7EF}.Release|x86.ActiveCfg = Release|Win32
		{823670BD-B9ED-4F68-86B8-A7D86425D7EF}.Release|x86.Build.0 = Release|Win32
	EndGlobalSection
	GlobalSection(SolutionProperties) = preSolution
		HideSolutionNode = FALSE
	EndGlobalSection
	GlobalSection(ExtensibilityGlobals) = postSolution
		SolutionGuid = {C71E42CE-8285-4BA6-90AD-704F9A4072E9}
	EndGlobalSection
EndGlobal
